
Microsoft Visual Studio Solution File, Format Version 12.00
# Visual Studio 15
VisualStudioVersion = 15.0.28307.757
MinimumVisualStudioVersion = 10.0.40219.1
Project("{FAE04EC0-301F-11D3-BF4B-00C04F79EFBC}") = "api_assignment", "api_assignment\api_assignment.csproj", "{1B1FBA39-64F5-4684-95BC-BC9BC8341E92}"
EndProject
Project("{FAE04EC0-301F-11D3-BF4B-00C04F79EFBC}") = "api_assignment.Tests", "api_assignment.Tests\api_assignment.Tests.csproj", "{C64DB690-8D4B-4F84-93C4-DEAFA9C6297D}"
EndProject
Global
	GlobalSection(SolutionConfigurationPlatforms) = preSolution
		Debug|Any CPU = Debug|Any CPU
		Release|Any CPU = Release|Any CPU
	EndGlobalSection
	GlobalSection(ProjectConfigurationPlatforms) = postSolution
		{1B1FBA39-64F5-4684-95BC-BC9BC8341E92}.Debug|Any CPU.ActiveCfg = Debug|Any CPU
		{1B1FBA39-64F5-4684-95BC-BC9BC8341E92}.Debug|Any CPU.Build.0 = Debug|Any CPU
		{1B1FBA39-64F5-4684-95BC-BC9BC8341E92}.Release|Any CPU.ActiveCfg = Release|Any CPU
		{1B1FBA39-64F5-4684-95BC-BC9BC8341E92}.Release|Any CPU.Build.0 = Release|Any CPU
		{C64DB690-8D4B-4F84-93C4-DEAFA9C6297D}.Debug|Any CPU.ActiveCfg = Debug|Any CPU
		{C64DB690-8D4B-4F84-93C4-DEAFA9C6297D}.Debug|Any CPU.Build.0 = Debug|Any CPU
		{C64DB690-8D4B-4F84-93C4-DEAFA9C6297D}.Release|Any CPU.ActiveCfg = Release|Any CPU
		{C64DB690-8D4B-4F84-93C4-DEAFA9C6297D}.Release|Any CPU.Build.0 = Release|Any CPU
	EndGlobalSection
	GlobalSection(SolutionProperties) = preSolution
		HideSolutionNode = FALSE
	EndGlobalSection
	GlobalSection(ExtensibilityGlobals) = postSolution
		SolutionGuid = {5AAB7338-A53B-4896-85DF-C0101F09F1EE}
	EndGlobalSection
EndGlobal
